
Microsoft Visual Studio Solution File, Format Version 12.00
# Visual Studio 15
VisualStudioVersion = 15.0.28307.168
MinimumVisualStudioVersion = 10.0.40219.1
Project("{FAE04EC0-301F-11D3-BF4B-00C04F79EFBC}") = "ListViewPullToRefresh.Android", "ListViewPullToRefresh\ListViewPullToRefresh.Android\ListViewPullToRefresh.Android.csproj", "{4D2BB1E4-C0DD-4A80-9CFC-94A14716DF8C}"
EndProject
Project("{FAE04EC0-301F-11D3-BF4B-00C04F79EFBC}") = "ListViewPullToRefresh.iOS", "ListViewPullToRefresh\ListViewPullToRefresh.iOS\ListViewPullToRefresh.iOS.csproj", "{0F1B91E1-BCBD-477B-A66D-9F076B88CBA4}"
EndProject
Project("{FAE04EC0-301F-11D3-BF4B-00C04F79EFBC}") = "ListViewPullToRefresh.UWP", "ListViewPullToRefresh\ListViewPullToRefresh.UWP\ListViewPullToRefresh.UWP.csproj", "{0D45D0B5-9EDD-4EFF-AF70-ED99A537FD2C}"
EndProject
Project("{FAE04EC0-301F-11D3-BF4B-00C04F79EFBC}") = "ListViewPullToRefresh", "ListViewPullToRefresh\ListViewPullToRefresh\ListViewPullToRefresh.csproj", "{6FC16BE2-1EB6-4F7E-AF60-A863EBCDBCB7}"
EndProject
Global
	GlobalSection(SolutionConfigurationPlatforms) = preSolution
		Ad-Hoc|Any CPU = Ad-Hoc|Any CPU
		Ad-Hoc|ARM = Ad-Hoc|ARM
		Ad-Hoc|iPhone = Ad-Hoc|iPhone
		Ad-Hoc|iPhoneSimulator = Ad-Hoc|iPhoneSimulator
		Ad-Hoc|x64 = Ad-Hoc|x64
		Ad-Hoc|x86 = Ad-Hoc|x86
		AppStore|Any CPU = AppStore|Any CPU
		AppStore|ARM = AppStore|ARM
		AppStore|iPhone = AppStore|iPhone
		AppStore|iPhoneSimulator = AppStore|iPhoneSimulator
		AppStore|x64 = AppStore|x64
		AppStore|x86 = AppStore|x86
		Debug|Any CPU = Debug|Any CPU
		Debug|ARM = Debug|ARM
		Debug|iPhone = Debug|iPhone
		Debug|iPhoneSimulator = Debug|iPhoneSimulator
		Debug|x64 = Debug|x64
		Debug|x86 = Debug|x86
		Release|Any CPU = Release|Any CPU
		Release|ARM = Release|ARM
		Release|iPhone = Release|iPhone
		Release|iPhoneSimulator = Release|iPhoneSimulator
		Release|x64 = Release|x64
		Release|x86 = Release|x86
	EndGlobalSection
	GlobalSection(ProjectConfigurationPlatforms) = postSolution
		{4D2BB1E4-C0DD-4A80-9CFC-94A14716DF8C}.Ad-Hoc|Any CPU.ActiveCfg = Release|Any CPU
		{4D2BB1E4-C0DD-4A80-9CFC-94A14716DF8C}.Ad-Hoc|Any CPU.Build.0 = Release|Any CPU
		{4D2BB1E4-C0DD-4A80-9CFC-94A14716DF8C}.Ad-Hoc|Any CPU.Deploy.0 = Release|Any CPU
		{4D2BB1E4-C0DD-4A80-9CFC-94A14716DF8C}.Ad-Hoc|ARM.ActiveCfg = Release|Any CPU
		{4D2BB1E4-C0DD-4A80-9CFC-94A14716DF8C}.Ad-Hoc|ARM.Build.0 = Release|Any CPU
		{4D2BB1E4-C0DD-4A80-9CFC-94A14716DF8C}.Ad-Hoc|ARM.Deploy.0 = Release|Any CPU
		{4D2BB1E4-C0DD-4A80-9CFC-94A14716DF8C}.Ad-Hoc|iPhone.ActiveCfg = Release|Any CPU
		{4D2BB1E4-C0DD-4A80-9CFC-94A14716DF8C}.Ad-Hoc|iPhone.Build.0 = Release|Any CPU
		{4D2BB1E4-C0DD-4A80-9CFC-94A14716DF8C}.Ad-Hoc|iPhone.Deploy.0 = Release|Any CPU
		{4D2BB1E4-C0DD-4A80-9CFC-94A14716DF8C}.Ad-Hoc|iPhoneSimulator.ActiveCfg = Release|Any CPU
		{4D2BB1E4-C0DD-4A80-9CFC-94A14716DF8C}.Ad-Hoc|iPhoneSimulator.Build.0 = Release|Any CPU
		{4D2BB1E4-C0DD-4A80-9CFC-94A14716DF8C}.Ad-Hoc|iPhoneSimulator.Deploy.0 = Release|Any CPU
		{4D2BB1E4-C0DD-4A80-9CFC-94A14716DF8C}.Ad-Hoc|x64.ActiveCfg = Release|Any CPU
		{4D2BB1E4-C0DD-4A80-9CFC-94A14716DF8C}.Ad-Hoc|x64.Build.0 = Release|Any CPU
		{4D2BB1E4-C0DD-4A80-9CFC-94A14716DF8C}.Ad-Hoc|x64.Deploy.0 = Release|Any CPU
		{4D2BB1E4-C0DD-4A80-9CFC-94A14716DF8C}.Ad-Hoc|x86.ActiveCfg = Release|Any CPU
		{4D2BB1E4-C0DD-4A80-9CFC-94A14716DF8C}.Ad-Hoc|x86.Build.0 = Release|Any CPU
		{4D2BB1E4-C0DD-4A80-9CFC-94A14716DF8C}.Ad-Hoc|x86.Deploy.0 = Release|Any CPU
		{4D2BB1E4-C0DD-4A80-9CFC-94A14716DF8C}.AppStore|Any CPU.ActiveCfg = Release|Any CPU
		{4D2BB1E4-C0DD-4A80-9CFC-94A14716DF8C}.AppStore|Any CPU.Build.0 = Release|Any CPU
		{4D2BB1E4-C0DD-4A80-9CFC-94A14716DF8C}.AppStore|Any CPU.Deploy.0 = Release|Any CPU
		{4D2BB1E4-C0DD-4A80-9CFC-94A14716DF8C}.AppStore|ARM.ActiveCfg = Release|Any CPU
		{4D2BB1E4-C0DD-4A80-9CFC-94A14716DF8C}.AppStore|ARM.Build.0 = Release|Any CPU
		{4D2BB1E4-C0DD-4A80-9CFC-94A14716DF8C}.AppStore|ARM.Deploy.0 = Release|Any CPU
		{4D2BB1E4-C0DD-4A80-9CFC-94A14716DF8C}.AppStore|iPhone.ActiveCfg = Release|Any CPU
		{4D2BB1E4-C0DD-4A80-9CFC-94A14716DF8C}.AppStore|iPhone.Build.0 = Release|Any CPU
		{4D2BB1E4-C0DD-4A80-9CFC-94A14716DF8C}.AppStore|iPhone.Deploy.0 = Release|Any CPU
		{4D2BB1E4-C0DD-4A80-9CFC-94A14716DF8C}.AppStore|iPhoneSimulator.ActiveCfg = Release|Any CPU
		{4D2BB1E4-C0DD-4A80-9CFC-94A14716DF8C}.AppStore|iPhoneSimulator.Build.0 = Release|Any CPU
		{4D2BB1E4-C0DD-4A80-9CFC-94A14716DF8C}.AppStore|iPhoneSimulator.Deploy.0 = Release|Any CPU
		{4D2BB1E4-C0DD-4A80-9CFC-94A14716DF8C}.AppStore|x64.ActiveCfg = Release|Any CPU
		{4D2BB1E4-C0DD-4A80-9CFC-94A14716DF8C}.AppStore|x64.Build.0 = Release|Any CPU
		{4D2BB1E4-C0DD-4A80-9CFC-94A14716DF8C}.AppStore|x64.Deploy.0 = Release|Any CPU
		{4D2BB1E4-C0DD-4A80-9CFC-94A14716DF8C}.AppStore|x86.ActiveCfg = Release|Any CPU
		{4D2BB1E4-C0DD-4A80-9CFC-94A14716DF8C}.AppStore|x86.Build.0 = Release|Any CPU
		{4D2BB1E4-C0DD-4A80-9CFC-94A14716DF8C}.AppStore|x86.Deploy.0 = Release|Any CPU
		{4D2BB1E4-C0DD-4A80-9CFC-94A14716DF8C}.Debug|Any CPU.ActiveCfg = Debug|Any CPU
		{4D2BB1E4-C0DD-4A80-9CFC-94A14716DF8C}.Debug|Any CPU.Build.0 = Debug|Any CPU
		{4D2BB1E4-C0DD-4A80-9CFC-94A14716DF8C}.Debug|Any CPU.Deploy.0 = Debug|Any CPU
		{4D2BB1E4-C0DD-4A80-9CFC-94A14716DF8C}.Debug|ARM.ActiveCfg = Debug|Any CPU
		{4D2BB1E4-C0DD-4A80-9CFC-94A14716DF8C}.Debug|ARM.Build.0 = Debug|Any CPU
		{4D2BB1E4-C0DD-4A80-9CFC-94A14716DF8C}.Debug|ARM.Deploy.0 = Debug|Any CPU
		{4D2BB1E4-C0DD-4A80-9CFC-94A14716DF8C}.Debug|iPhone.ActiveCfg = Debug|Any CPU
		{4D2BB1E4-C0DD-4A80-9CFC-94A14716DF8C}.Debug|iPhone.Build.0 = Debug|Any CPU
		{4D2BB1E4-C0DD-4A80-9CFC-94A14716DF8C}.Debug|iPhone.Deploy.0 = Debug|Any CPU
		{4D2BB1E4-C0DD-4A80-9CFC-94A14716DF8C}.Debug|iPhoneSimulator.ActiveCfg = Debug|Any CPU
		{4D2BB1E4-C0DD-4A80-9CFC-94A14716DF8C}.Debug|iPhoneSimulator.Build.0 = Debug|Any CPU
		{4D2BB1E4-C0DD-4A80-9CFC-94A14716DF8C}.Debug|iPhoneSimulator.Deploy.0 = Debug|Any CPU
		{4D2BB1E4-C0DD-4A80-9CFC-94A14716DF8C}.Debug|x64.ActiveCfg = Debug|Any CPU
		{4D2BB1E4-C0DD-4A80-9CFC-94A14716DF8C}.Debug|x64.Build.0 = Debug|Any CPU
		{4D2BB1E4-C0DD-4A80-9CFC-94A14716DF8C}.Debug|x64.Deploy.0 = Debug|Any CPU
		{4D2BB1E4-C0DD-4A80-9CFC-94A14716DF8C}.Debug|x86.ActiveCfg = Debug|Any CPU
		{4D2BB1E4-C0DD-4A80-9CFC-94A14716DF8C}.Debug|x86.Build.0 = Debug|Any CPU
		{4D2BB1E4-C0DD-4A80-9CFC-94A14716DF8C}.Debug|x86.Deploy.0 = Debug|Any CPU
		{4D2BB1E4-C0DD-4A80-9CFC-94A14716DF8C}.Release|Any CPU.ActiveCfg = Release|Any CPU
		{4D2BB1E4-C0DD-4A80-9CFC-94A14716DF8C}.Release|Any CPU.Build.0 = Release|Any CPU
		{4D2BB1E4-C0DD-4A80-9CFC-94A14716DF8C}.Release|Any CPU.Deploy.0 = Release|Any CPU
		{4D2BB1E4-C0DD-4A80-9CFC-94A14716DF8C}.Release|ARM.ActiveCfg = Release|Any CPU
		{4D2BB1E4-C0DD-4A80-9CFC-94A14716DF8C}.Release|ARM.Build.0 = Release|Any CPU
		{4D2BB1E4-C0DD-4A80-9CFC-94A14716DF8C}.Release|ARM.Deploy.0 = Release|Any CPU
		{4D2BB1E4-C0DD-4A80-9CFC-94A14716DF8C}.Release|iPhone.ActiveCfg = Release|Any CPU
		{4D2BB1E4-C0DD-4A80-9CFC-94A14716DF8C}.Release|iPhone.Build.0 = Release|Any CPU
		{4D2BB1E4-C0DD-4A80-9CFC-94A14716DF8C}.Release|iPhone.Deploy.0 = Release|Any CPU
		{4D2BB1E4-C0DD-4A80-9CFC-94A14716DF8C}.Release|iPhoneSimulator.ActiveCfg = Release|Any CPU
		{4D2BB1E4-C0DD-4A80-9CFC-94A14716DF8C}.Release|iPhoneSimulator.Build.0 = Release|Any CPU
		{4D2BB1E4-C0DD-4A80-9CFC-94A14716DF8C}.Release|iPhoneSimulator.Deploy.0 = Release|Any CPU
		{4D2BB1E4-C0DD-4A80-9CFC-94A14716DF8C}.Release|x64.ActiveCfg = Release|Any CPU
		{4D2BB1E4-C0DD-4A80-9CFC-94A14716DF8C}.Release|x64.Build.0 = Release|Any CPU
		{4D2BB1E4-C0DD-4A80-9CFC-94A14716DF8C}.Release|x64.Deploy.0 = Release|Any CPU
		{4D2BB1E4-C0DD-4A80-9CFC-94A14716DF8C}.Release|x86.ActiveCfg = Release|Any CPU
		{4D2BB1E4-C0DD-4A80-9CFC-94A14716DF8C}.Release|x86.Build.0 = Release|Any CPU
		{4D2BB1E4-C0DD-4A80-9CFC-94A14716DF8C}.Release|x86.Deploy.0 = Release|Any CPU
		{0F1B91E1-BCBD-477B-A66D-9F076B88CBA4}.Ad-Hoc|Any CPU.ActiveCfg = Ad-Hoc|iPhone
		{0F1B91E1-BCBD-477B-A66D-9F076B88CBA4}.Ad-Hoc|Any CPU.Build.0 = Ad-Hoc|iPhone
		{0F1B91E1-BCBD-477B-A66D-9F076B88CBA4}.Ad-Hoc|Any CPU.Deploy.0 = Ad-Hoc|iPhone
		{0F1B91E1-BCBD-477B-A66D-9F076B88CBA4}.Ad-Hoc|ARM.ActiveCfg = Ad-Hoc|iPhone
		{0F1B91E1-BCBD-477B-A66D-9F076B88CBA4}.Ad-Hoc|ARM.Build.0 = Ad-Hoc|iPhone
		{0F1B91E1-BCBD-477B-A66D-9F076B88CBA4}.Ad-Hoc|ARM.Deploy.0 = Ad-Hoc|iPhone
		{0F1B91E1-BCBD-477B-A66D-9F076B88CBA4}.Ad-Hoc|iPhone.ActiveCfg = Ad-Hoc|iPhone
		{0F1B91E1-BCBD-477B-A66D-9F076B88CBA4}.Ad-Hoc|iPhone.Build.0 = Ad-Hoc|iPhone
		{0F1B91E1-BCBD-477B-A66D-9F076B88CBA4}.Ad-Hoc|iPhone.Deploy.0 = Ad-Hoc|iPhone
		{0F1B91E1-BCBD-477B-A66D-9F076B88CBA4}.Ad-Hoc|iPhoneSimulator.ActiveCfg = Ad-Hoc|iPhoneSimulator
		{0F1B91E1-BCBD-477B-A66D-9F076B88CBA4}.Ad-Hoc|iPhoneSimulator.Build.0 = Ad-Hoc|iPhoneSimulator
		{0F1B91E1-BCBD-477B-A66D-9F076B88CBA4}.Ad-Hoc|iPhoneSimulator.Deploy.0 = Ad-Hoc|iPhoneSimulator
		{0F1B91E1-BCBD-477B-A66D-9F076B88CBA4}.Ad-Hoc|x64.ActiveCfg = Ad-Hoc|iPhone
		{0F1B91E1-BCBD-477B-A66D-9F076B88CBA4}.Ad-Hoc|x64.Build.0 = Ad-Hoc|iPhone
		{0F1B91E1-BCBD-477B-A66D-9F076B88CBA4}.Ad-Hoc|x64.Deploy.0 = Ad-Hoc|iPhone
		{0F1B91E1-BCBD-477B-A66D-9F076B88CBA4}.Ad-Hoc|x86.ActiveCfg = Ad-Hoc|iPhone
		{0F1B91E1-BCBD-477B-A66D-9F076B88CBA4}.Ad-Hoc|x86.Build.0 = Ad-Hoc|iPhone
		{0F1B91E1-BCBD-477B-A66D-9F076B88CBA4}.Ad-Hoc|x86.Deploy.0 = Ad-Hoc|iPhone
		{0F1B91E1-BCBD-477B-A66D-9F076B88CBA4}.AppStore|Any CPU.ActiveCfg = AppStore|iPhone
		{0F1B91E1-BCBD-477B-A66D-9F076B88CBA4}.AppStore|Any CPU.Build.0 = AppStore|iPhone
		{0F1B91E1-BCBD-477B-A66D-9F076B88CBA4}.AppStore|Any CPU.Deploy.0 = AppStore|iPhone
		{0F1B91E1-BCBD-477B-A66D-9F076B88CBA4}.AppStore|ARM.ActiveCfg = AppStore|iPhone
		{0F1B91E1-BCBD-477B-A66D-9F076B88CBA4}.AppStore|ARM.Build.0 = AppStore|iPhone
		{0F1B91E1-BCBD-477B-A66D-9F076B88CBA4}.AppStore|ARM.Deploy.0 = AppStore|iPhone
		{0F1B91E1-BCBD-477B-A66D-9F076B88CBA4}.AppStore|iPhone.ActiveCfg = AppStore|iPhone
		{0F1B91E1-BCBD-477B-A66D-9F076B88CBA4}.AppStore|iPhone.Build.0 = AppStore|iPhone
		{0F1B91E1-BCBD-477B-A66D-9F076B88CBA4}.AppStore|iPhone.Deploy.0 = AppStore|iPhone
		{0F1B91E1-BCBD-477B-A66D-9F076B88CBA4}.AppStore|iPhoneSimulator.ActiveCfg = AppStore|iPhoneSimulator
		{0F1B91E1-BCBD-477B-A66D-9F076B88CBA4}.AppStore|iPhoneSimulator.Build.0 = AppStore|iPhoneSimulator
		{0F1B91E1-BCBD-477B-A66D-9F076B88CBA4}.AppStore|iPhoneSimulator.Deploy.0 = AppStore|iPhoneSimulator
		{0F1B91E1-BCBD-477B-A66D-9F076B88CBA4}.AppStore|x64.ActiveCfg = AppStore|iPhone
		{0F1B91E1-BCBD-477B-A66D-9F076B88CBA4}.AppStore|x64.Build.0 = AppStore|iPhone
		{0F1B91E1-BCBD-477B-A66D-9F076B88CBA4}.AppStore|x64.Deploy.0 = AppStore|iPhone
		{0F1B91E1-BCBD-477B-A66D-9F076B88CBA4}.AppStore|x86.ActiveCfg = AppStore|iPhone
		{0F1B91E1-BCBD-477B-A66D-9F076B88CBA4}.AppStore|x86.Build.0 = AppStore|iPhone
		{0F1B91E1-BCBD-477B-A66D-9F076B88CBA4}.AppStore|x86.Deploy.0 = AppStore|iPhone
		{0F1B91E1-BCBD-477B-A66D-9F076B88CBA4}.Debug|Any CPU.ActiveCfg = Debug|iPhoneSimulator
		{0F1B91E1-BCBD-477B-A66D-9F076B88CBA4}.Debug|Any CPU.Build.0 = Debug|iPhoneSimulator
		{0F1B91E1-BCBD-477B-A66D-9F076B88CBA4}.Debug|Any CPU.Deploy.0 = Debug|iPhoneSimulator
		{0F1B91E1-BCBD-477B-A66D-9F076B88CBA4}.Debug|ARM.ActiveCfg = Debug|iPhone
		{0F1B91E1-BCBD-477B-A66D-9F076B88CBA4}.Debug|ARM.Build.0 = Debug|iPhone
		{0F1B91E1-BCBD-477B-A66D-9F076B88CBA4}.Debug|ARM.Deploy.0 = Debug|iPhone
		{0F1B91E1-BCBD-477B-A66D-9F076B88CBA4}.Debug|iPhone.ActiveCfg = Debug|iPhone
		{0F1B91E1-BCBD-477B-A66D-9F076B88CBA4}.Debug|iPhone.Build.0 = Debug|iPhone
		{0F1B91E1-BCBD-477B-A66D-9F076B88CBA4}.Debug|iPhone.Deploy.0 = Debug|iPhone
		{0F1B91E1-BCBD-477B-A66D-9F076B88CBA4}.Debug|iPhoneSimulator.ActiveCfg = Debug|iPhoneSimulator
		{0F1B91E1-BCBD-477B-A66D-9F076B88CBA4}.Debug|iPhoneSimulator.Build.0 = Debug|iPhoneSimulator
		{0F1B91E1-BCBD-477B-A66D-9F076B88CBA4}.Debug|iPhoneSimulator.Deploy.0 = Debug|iPhoneSimulator
		{0F1B91E1-BCBD-477B-A66D-9F076B88CBA4}.Debug|x64.ActiveCfg = Debug|iPhone
		{0F1B91E1-BCBD-477B-A66D-9F076B88CBA4}.Debug|x64.Build.0 = Debug|iPhone
		{0F1B91E1-BCBD-477B-A66D-9F076B88CBA4}.Debug|x64.Deploy.0 = Debug|iPhone
		{0F1B91E1-BCBD-477B-A66D-9F076B88CBA4}.Debug|x86.ActiveCfg = Debug|iPhone
		{0F1B91E1-BCBD-477B-A66D-9F076B88CBA4}.Debug|x86.Build.0 = Debug|iPhone
		{0F1B91E1-BCBD-477B-A66D-9F076B88CBA4}.Debug|x86.Deploy.0 = Debug|iPhone
		{0F1B91E1-BCBD-477B-A66D-9F076B88CBA4}.Release|Any CPU.ActiveCfg = Release|iPhone
		{0F1B91E1-BCBD-477B-A66D-9F076B88CBA4}.Release|Any CPU.Build.0 = Release|iPhone
		{0F1B91E1-BCBD-477B-A66D-9F076B88CBA4}.Release|Any CPU.Deploy.0 = Release|iPhone
		{0F1B91E1-BCBD-477B-A66D-9F076B88CBA4}.Release|ARM.ActiveCfg = Release|iPhone
		{0F1B91E1-BCBD-477B-A66D-9F076B88CBA4}.Release|ARM.Build.0 = Release|iPhone
		{0F1B91E1-BCBD-477B-A66D-9F076B88CBA4}.Release|ARM.Deploy.0 = Release|iPhone
		{0F1B91E1-BCBD-477B-A66D-9F076B88CBA4}.Release|iPhone.ActiveCfg = Release|iPhone
		{0F1B91E1-BCBD-477B-A66D-9F076B88CBA4}.Release|iPhone.Build.0 = Release|iPhone
		{0F1B91E1-BCBD-477B-A66D-9F076B88CBA4}.Release|iPhone.Deploy.0 = Release|iPhone
		{0F1B91E1-BCBD-477B-A66D-9F076B88CBA4}.Release|iPhoneSimulator.ActiveCfg = Release|iPhoneSimulator
		{0F1B91E1-BCBD-477B-A66D-9F076B88CBA4}.Release|iPhoneSimulator.Build.0 = Release|iPhoneSimulator
		{0F1B91E1-BCBD-477B-A66D-9F076B88CBA4}.Release|iPhoneSimulator.Deploy.0 = Release|iPhoneSimulator
		{0F1B91E1-BCBD-477B-A66D-9F076B88CBA4}.Release|x64.ActiveCfg = Release|iPhone
		{0F1B91E1-BCBD-477B-A66D-9F076B88CBA4}.Release|x64.Build.0 = Release|iPhone
		{0F1B91E1-BCBD-477B-A66D-9F076B88CBA4}.Release|x64.Deploy.0 = Release|iPhone
		{0F1B91E1-BCBD-477B-A66D-9F076B88CBA4}.Release|x86.ActiveCfg = Release|iPhone
		{0F1B91E1-BCBD-477B-A66D-9F076B88CBA4}.Release|x86.Build.0 = Release|iPhone
		{0F1B91E1-BCBD-477B-A66D-9F076B88CBA4}.Release|x86.Deploy.0 = Release|iPhone
		{0D45D0B5-9EDD-4EFF-AF70-ED99A537FD2C}.Ad-Hoc|Any CPU.ActiveCfg = Release|x86
		{0D45D0B5-9EDD-4EFF-AF70-ED99A537FD2C}.Ad-Hoc|Any CPU.Build.0 = Release|x86
		{0D45D0B5-9EDD-4EFF-AF70-ED99A537FD2C}.Ad-Hoc|Any CPU.Deploy.0 = Release|x86
		{0D45D0B5-9EDD-4EFF-AF70-ED99A537FD2C}.Ad-Hoc|ARM.ActiveCfg = Release|ARM
		{0D45D0B5-9EDD-4EFF-AF70-ED99A537FD2C}.Ad-Hoc|ARM.Build.0 = Release|ARM
		{0D45D0B5-9EDD-4EFF-AF70-ED99A537FD2C}.Ad-Hoc|ARM.Deploy.0 = Release|ARM
		{0D45D0B5-9EDD-4EFF-AF70-ED99A537FD2C}.Ad-Hoc|iPhone.ActiveCfg = Release|x86
		{0D45D0B5-9EDD-4EFF-AF70-ED99A537FD2C}.Ad-Hoc|iPhone.Build.0 = Release|x86
		{0D45D0B5-9EDD-4EFF-AF70-ED99A537FD2C}.Ad-Hoc|iPhone.Deploy.0 = Release|x86
		{0D45D0B5-9EDD-4EFF-AF70-ED99A537FD2C}.Ad-Hoc|iPhoneSimulator.ActiveCfg = Release|x86
		{0D45D0B5-9EDD-4EFF-AF70-ED99A537FD2C}.Ad-Hoc|iPhoneSimulator.Build.0 = Release|x86
		{0D45D0B5-9EDD-4EFF-AF70-ED99A537FD2C}.Ad-Hoc|iPhoneSimulator.Deploy.0 = Release|x86
		{0D45D0B5-9EDD-4EFF-AF70-ED99A537FD2C}.Ad-Hoc|x64.ActiveCfg = Release|x64
		{0D45D0B5-9EDD-4EFF-AF70-ED99A537FD2C}.Ad-Hoc|x64.Build.0 = Release|x64
		{0D45D0B5-9EDD-4EFF-AF70-ED99A537FD2C}.Ad-Hoc|x64.Deploy.0 = Release|x64
		{0D45D0B5-9EDD-4EFF-AF70-ED99A537FD2C}.Ad-Hoc|x86.ActiveCfg = Release|x86
		{0D45D0B5-9EDD-4EFF-AF70-ED99A537FD2C}.Ad-Hoc|x86.Build.0 = Release|x86
		{0D45D0B5-9EDD-4EFF-AF70-ED99A537FD2C}.Ad-Hoc|x86.Deploy.0 = Release|x86
		{0D45D0B5-9EDD-4EFF-AF70-ED99A537FD2C}.AppStore|Any CPU.ActiveCfg = Release|x86
		{0D45D0B5-9EDD-4EFF-AF70-ED99A537FD2C}.AppStore|Any CPU.Build.0 = Release|x86
		{0D45D0B5-9EDD-4EFF-AF70-ED99A537FD2C}.AppStore|Any CPU.Deploy.0 = Release|x86
		{0D45D0B5-9EDD-4EFF-AF70-ED99A537FD2C}.AppStore|ARM.ActiveCfg = Release|ARM
		{0D45D0B5-9EDD-4EFF-AF70-ED99A537FD2C}.AppStore|ARM.Build.0 = Release|ARM
		{0D45D0B5-9EDD-4EFF-AF70-ED99A537FD2C}.AppStore|ARM.Deploy.0 = Release|ARM
		{0D45D0B5-9EDD-4EFF-AF70-ED99A537FD2C}.AppStore|iPhone.ActiveCfg = Release|x86
		{0D45D0B5-9EDD-4EFF-AF70-ED99A537FD2C}.AppStore|iPhone.Build.0 = Release|x86
		{0D45D0B5-9EDD-4EFF-AF70-ED99A537FD2C}.AppStore|iPhone.Deploy.0 = Release|x86
		{0D45D0B5-9EDD-4EFF-AF70-ED99A537FD2C}.AppStore|iPhoneSimulator.ActiveCfg = Release|x86
		{0D45D0B5-9EDD-4EFF-AF70-ED99A537FD2C}.AppStore|iPhoneSimulator.Build.0 = Release|x86
		{0D45D0B5-9EDD-4EFF-AF70-ED99A537FD2C}.AppStore|iPhoneSimulator.Deploy.0 = Release|x86
		{0D45D0B5-9EDD-4EFF-AF70-ED99A537FD2C}.AppStore|x64.ActiveCfg = Release|x64
		{0D45D0B5-9EDD-4EFF-AF70-ED99A537FD2C}.AppStore|x64.Build.0 = Release|x64
		{0D45D0B5-9EDD-4EFF-AF70-ED99A537FD2C}.AppStore|x64.Deploy.0 = Release|x64
		{0D45D0B5-9EDD-4EFF-AF70-ED99A537FD2C}.AppStore|x86.ActiveCfg = Release|x86
		{0D45D0B5-9EDD-4EFF-AF70-ED99A537FD2C}.AppStore|x86.Build.0 = Release|x86
		{0D45D0B5-9EDD-4EFF-AF70-ED99A537FD2C}.AppStore|x86.Deploy.0 = Release|x86
		{0D45D0B5-9EDD-4EFF-AF70-ED99A537FD2C}.Debug|Any CPU.ActiveCfg = Debug|x86
		{0D45D0B5-9EDD-4EFF-AF70-ED99A537FD2C}.Debug|Any CPU.Build.0 = Debug|x86
		{0D45D0B5-9EDD-4EFF-AF70-ED99A537FD2C}.Debug|Any CPU.Deploy.0 = Debug|x86
		{0D45D0B5-9EDD-4EFF-AF70-ED99A537FD2C}.Debug|ARM.ActiveCfg = Debug|ARM
		{0D45D0B5-9EDD-4EFF-AF70-ED99A537FD2C}.Debug|ARM.Build.0 = Debug|ARM
		{0D45D0B5-9EDD-4EFF-AF70-ED99A537FD2C}.Debug|ARM.Deploy.0 = Debug|ARM
		{0D45D0B5-9EDD-4EFF-AF70-ED99A537FD2C}.Debug|iPhone.ActiveCfg = Debug|x86
		{0D45D0B5-9EDD-4EFF-AF70-ED99A537FD2C}.Debug|iPhone.Build.0 = Debug|x86
		{0D45D0B5-9EDD-4EFF-AF70-ED99A537FD2C}.Debug|iPhone.Deploy.0 = Debug|x86
		{0D45D0B5-9EDD-4EFF-AF70-ED99A537FD2C}.Debug|iPhoneSimulator.ActiveCfg = Debug|x86
		{0D45D0B5-9EDD-4EFF-AF70-ED99A537FD2C}.Debug|iPhoneSimulator.Build.0 = Debug|x86
		{0D45D0B5-9EDD-4EFF-AF70-ED99A537FD2C}.Debug|iPhoneSimulator.Deploy.0 = Debug|x86
		{0D45D0B5-9EDD-4EFF-AF70-ED99A537FD2C}.Debug|x64.ActiveCfg = Debug|x64
		{0D45D0B5-9EDD-4EFF-AF70-ED99A537FD2C}.Debug|x64.Build.0 = Debug|x64
		{0D45D0B5-9EDD-4EFF-AF70-ED99A537FD2C}.Debug|x64.Deploy.0 = Debug|x64
		{0D45D0B5-9EDD-4EFF-AF70-ED99A537FD2C}.Debug|x86.ActiveCfg = Debug|x86
		{0D45D0B5-9EDD-4EFF-AF70-ED99A537FD2C}.Debug|x86.Build.0 = Debug|x86
		{0D45D0B5-9EDD-4EFF-AF70-ED99A537FD2C}.Debug|x86.Deploy.0 = Debug|x86
		{0D45D0B5-9EDD-4EFF-AF70-ED99A537FD2C}.Release|Any CPU.ActiveCfg = Release|x86
		{0D45D0B5-9EDD-4EFF-AF70-ED99A537FD2C}.Release|Any CPU.Build.0 = Release|x86
		{0D45D0B5-9EDD-4EFF-AF70-ED99A537FD2C}.Release|Any CPU.Deploy.0 = Release|x86
		{0D45D0B5-9EDD-4EFF-AF70-ED99A537FD2C}.Release|ARM.ActiveCfg = Release|ARM
		{0D45D0B5-9EDD-4EFF-AF70-ED99A537FD2C}.Release|ARM.Build.0 = Release|ARM
		{0D45D0B5-9EDD-4EFF-AF70-ED99A537FD2C}.Release|ARM.Deploy.0 = Release|ARM
		{0D45D0B5-9EDD-4EFF-AF70-ED99A537FD2C}.Release|iPhone.ActiveCfg = Release|x86
		{0D45D0B5-9EDD-4EFF-AF70-ED99A537FD2C}.Release|iPhone.Build.0 = Release|x86
		{0D45D0B5-9EDD-4EFF-AF70-ED99A537FD2C}.Release|iPhone.Deploy.0 = Release|x86
		{0D45D0B5-9EDD-4EFF-AF70-ED99A537FD2C}.Release|iPhoneSimulator.ActiveCfg = Release|x86
		{0D45D0B5-9EDD-4EFF-AF70-ED99A537FD2C}.Release|iPhoneSimulator.Build.0 = Release|x86
		{0D45D0B5-9EDD-4EFF-AF70-ED99A537FD2C}.Release|iPhoneSimulator.Deploy.0 = Release|x86
		{0D45D0B5-9EDD-4EFF-AF70-ED99A537FD2C}.Release|x64.ActiveCfg = Release|x64
		{0D45D0B5-9EDD-4EFF-AF70-ED99A537FD2C}.Release|x64.Build.0 = Release|x64
		{0D45D0B5-9EDD-4EFF-AF70-ED99A537FD2C}.Release|x64.Deploy.0 = Release|x64
		{0D45D0B5-9EDD-4EFF-AF70-ED99A537FD2C}.Release|x86.ActiveCfg = Release|x86
		{0D45D0B5-9EDD-4EFF-AF70-ED99A537FD2C}.Release|x86.Build.0 = Release|x86
		{0D45D0B5-9EDD-4EFF-AF70-ED99A537FD2C}.Release|x86.Deploy.0 = Release|x86
		{6FC16BE2-1EB6-4F7E-AF60-A863EBCDBCB7}.Ad-Hoc|Any CPU.ActiveCfg = Debug|Any CPU
		{6FC16BE2-1EB6-4F7E-AF60-A863EBCDBCB7}.Ad-Hoc|Any CPU.Build.0 = Debug|Any CPU
		{6FC16BE2-1EB6-4F7E-AF60-A863EBCDBCB7}.Ad-Hoc|Any CPU.Deploy.0 = Debug|Any CPU
		{6FC16BE2-1EB6-4F7E-AF60-A863EBCDBCB7}.Ad-Hoc|ARM.ActiveCfg = Debug|Any CPU
		{6FC16BE2-1EB6-4F7E-AF60-A863EBCDBCB7}.Ad-Hoc|ARM.Build.0 = Debug|Any CPU
		{6FC16BE2-1EB6-4F7E-AF60-A863EBCDBCB7}.Ad-Hoc|ARM.Deploy.0 = Debug|Any CPU
		{6FC16BE2-1EB6-4F7E-AF60-A863EBCDBCB7}.Ad-Hoc|iPhone.ActiveCfg = Debug|Any CPU
		{6FC16BE2-1EB6-4F7E-AF60-A863EBCDBCB7}.Ad-Hoc|iPhone.Build.0 = Debug|Any CPU
		{6FC16BE2-1EB6-4F7E-AF60-A863EBCDBCB7}.Ad-Hoc|iPhone.Deploy.0 = Debug|Any CPU
		{6FC16BE2-1EB6-4F7E-AF60-A863EBCDBCB7}.Ad-Hoc|iPhoneSimulator.ActiveCfg = Debug|Any CPU
		{6FC16BE2-1EB6-4F7E-AF60-A863EBCDBCB7}.Ad-Hoc|iPhoneSimulator.Build.0 = Debug|Any CPU
		{6FC16BE2-1EB6-4F7E-AF60-A863EBCDBCB7}.Ad-Hoc|iPhoneSimulator.Deploy.0 = Debug|Any CPU
		{6FC16BE2-1EB6-4F7E-AF60-A863EBCDBCB7}.Ad-Hoc|x64.ActiveCfg = Debug|Any CPU
		{6FC16BE2-1EB6-4F7E-AF60-A863EBCDBCB7}.Ad-Hoc|x64.Build.0 = Debug|Any CPU
		{6FC16BE2-1EB6-4F7E-AF60-A863EBCDBCB7}.Ad-Hoc|x64.Deploy.0 = Debug|Any CPU
		{6FC16BE2-1EB6-4F7E-AF60-A863EBCDBCB7}.Ad-Hoc|x86.ActiveCfg = Debug|Any CPU
		{6FC16BE2-1EB6-4F7E-AF60-A863EBCDBCB7}.Ad-Hoc|x86.Build.0 = Debug|Any CPU
		{6FC16BE2-1EB6-4F7E-AF60-A863EBCDBCB7}.Ad-Hoc|x86.Deploy.0 = Debug|Any CPU
		{6FC16BE2-1EB6-4F7E-AF60-A863EBCDBCB7}.AppStore|Any CPU.ActiveCfg = Debug|Any CPU
		{6FC16BE2-1EB6-4F7E-AF60-A863EBCDBCB7}.AppStore|Any CPU.Build.0 = Debug|Any CPU
		{6FC16BE2-1EB6-4F7E-AF60-A863EBCDBCB7}.AppStore|Any CPU.Deploy.0 = Debug|Any CPU
		{6FC16BE2-1EB6-4F7E-AF60-A863EBCDBCB7}.AppStore|ARM.ActiveCfg = Debug|Any CPU
		{6FC16BE2-1EB6-4F7E-AF60-A863EBCDBCB7}.AppStore|ARM.Build.0 = Debug|Any CPU
		{6FC16BE2-1EB6-4F7E-AF60-A863EBCDBCB7}.AppStore|ARM.Deploy.0 = Debug|Any CPU
		{6FC16BE2-1EB6-4F7E-AF60-A863EBCDBCB7}.AppStore|iPhone.ActiveCfg = Debug|Any CPU
		{6FC16BE2-1EB6-4F7E-AF60-A863EBCDBCB7}.AppStore|iPhone.Build.0 = Debug|Any CPU
		{6FC16BE2-1EB6-4F7E-AF60-A863EBCDBCB7}.AppStore|iPhone.Deploy.0 = Debug|Any CPU
		{6FC16BE2-1EB6-4F7E-AF60-A863EBCDBCB7}.AppStore|iPhoneSimulator.ActiveCfg = Debug|Any CPU
		{6FC16BE2-1EB6-4F7E-AF60-A863EBCDBCB7}.AppStore|iPhoneSimulator.Build.0 = Debug|Any CPU
		{6FC16BE2-1EB6-4F7E-AF60-A863EBCDBCB7}.AppStore|iPhoneSimulator.Deploy.0 = Debug|Any CPU
		{6FC16BE2-1EB6-4F7E-AF60-A863EBCDBCB7}.AppStore|x64.ActiveCfg = Debug|Any CPU
		{6FC16BE2-1EB6-4F7E-AF60-A863EBCDBCB7}.AppStore|x64.Build.0 = Debug|Any CPU
		{6FC16BE2-1EB6-4F7E-AF60-A863EBCDBCB7}.AppStore|x64.Deploy.0 = Debug|Any CPU
		{6FC16BE2-1EB6-4F7E-AF60-A863EBCDBCB7}.AppStore|x86.ActiveCfg = Debug|Any CPU
		{6FC16BE2-1EB6-4F7E-AF60-A863EBCDBCB7}.AppStore|x86.Build.0 = Debug|Any CPU
		{6FC16BE2-1EB6-4F7E-AF60-A863EBCDBCB7}.AppStore|x86.Deploy.0 = Debug|Any CPU
		{6FC16BE2-1EB6-4F7E-AF60-A863EBCDBCB7}.Debug|Any CPU.ActiveCfg = Debug|Any CPU
		{6FC16BE2-1EB6-4F7E-AF60-A863EBCDBCB7}.Debug|Any CPU.Build.0 = Debug|Any CPU
		{6FC16BE2-1EB6-4F7E-AF60-A863EBCDBCB7}.Debug|Any CPU.Deploy.0 = Debug|Any CPU
		{6FC16BE2-1EB6-4F7E-AF60-A863EBCDBCB7}.Debug|ARM.ActiveCfg = Debug|Any CPU
		{6FC16BE2-1EB6-4F7E-AF60-A863EBCDBCB7}.Debug|ARM.Build.0 = Debug|Any CPU
		{6FC16BE2-1EB6-4F7E-AF60-A863EBCDBCB7}.Debug|ARM.Deploy.0 = Debug|Any CPU
		{6FC16BE2-1EB6-4F7E-AF60-A863EBCDBCB7}.Debug|iPhone.ActiveCfg = Debug|Any CPU
		{6FC16BE2-1EB6-4F7E-AF60-A863EBCDBCB7}.Debug|iPhone.Build.0 = Debug|Any CPU
		{6FC16BE2-1EB6-4F7E-AF60-A863EBCDBCB7}.Debug|iPhone.Deploy.0 = Debug|Any CPU
		{6FC16BE2-1EB6-4F7E-AF60-A863EBCDBCB7}.Debug|iPhoneSimulator.ActiveCfg = Debug|Any CPU
		{6FC16BE2-1EB6-4F7E-AF60-A863EBCDBCB7}.Debug|iPhoneSimulator.Build.0 = Debug|Any CPU
		{6FC16BE2-1EB6-4F7E-AF60-A863EBCDBCB7}.Debug|iPhoneSimulator.Deploy.0 = Debug|Any CPU
		{6FC16BE2-1EB6-4F7E-AF60-A863EBCDBCB7}.Debug|x64.ActiveCfg = Debug|Any CPU
		{6FC16BE2-1EB6-4F7E-AF60-A863EBCDBCB7}.Debug|x64.Build.0 = Debug|Any CPU
		{6FC16BE2-1EB6-4F7E-AF60-A863EBCDBCB7}.Debug|x64.Deploy.0 = Debug|Any CPU
		{6FC16BE2-1EB6-4F7E-AF60-A863EBCDBCB7}.Debug|x86.ActiveCfg = Debug|Any CPU
		{6FC16BE2-1EB6-4F7E-AF60-A863EBCDBCB7}.Debug|x86.Build.0 = Debug|Any CPU
		{6FC16BE2-1EB6-4F7E-AF60-A863EBCDBCB7}.Debug|x86.Deploy.0 = Debug|Any CPU
		{6FC16BE2-1EB6-4F7E-AF60-A863EBCDBCB7}.Release|Any CPU.ActiveCfg = Release|Any CPU
		{6FC16BE2-1EB6-4F7E-AF60-A863EBCDBCB7}.Release|Any CPU.Build.0 = Release|Any CPU
		{6FC16BE2-1EB6-4F7E-AF60-A863EBCDBCB7}.Release|Any CPU.Deploy.0 = Release|Any CPU
		{6FC16BE2-1EB6-4F7E-AF60-A863EBCDBCB7}.Release|ARM.ActiveCfg = Release|Any CPU
		{6FC16BE2-1EB6-4F7E-AF60-A863EBCDBCB7}.Release|ARM.Build.0 = Release|Any CPU
		{6FC16BE2-1EB6-4F7E-AF60-A863EBCDBCB7}.Release|ARM.Deploy.0 = Release|Any CPU
		{6FC16BE2-1EB6-4F7E-AF60-A863EBCDBCB7}.Release|iPhone.ActiveCfg = Release|Any CPU
		{6FC16BE2-1EB6-4F7E-AF60-A863EBCDBCB7}.Release|iPhone.Build.0 = Release|Any CPU
		{6FC16BE2-1EB6-4F7E-AF60-A863EBCDBCB7}.Release|iPhone.Deploy.0 = Release|Any CPU
		{6FC16BE2-1EB6-4F7E-AF60-A863EBCDBCB7}.Release|iPhoneSimulator.ActiveCfg = Release|Any CPU
		{6FC16BE2-1EB6-4F7E-AF60-A863EBCDBCB7}.Release|iPhoneSimulator.Build.0 = Release|Any CPU
		{6FC16BE2-1EB6-4F7E-AF60-A863EBCDBCB7}.Release|iPhoneSimulator.Deploy.0 = Release|Any CPU
		{6FC16BE2-1EB6-4F7E-AF60-A863EBCDBCB7}.Release|x64.ActiveCfg = Release|Any CPU
		{6FC16BE2-1EB6-4F7E-AF60-A863EBCDBCB7}.Release|x64.Build.0 = Release|Any CPU
		{6FC16BE2-1EB6-4F7E-AF60-A863EBCDBCB7}.Release|x64.Deploy.0 = Release|Any CPU
		{6FC16BE2-1EB6-4F7E-AF60-A863EBCDBCB7}.Release|x86.ActiveCfg = Release|Any CPU
		{6FC16BE2-1EB6-4F7E-AF60-A863EBCDBCB7}.Release|x86.Build.0 = Release|Any CPU
		{6FC16BE2-1EB6-4F7E-AF60-A863EBCDBCB7}.Release|x86.Deploy.0 = Release|Any CPU
	EndGlobalSection
	GlobalSection(SolutionProperties) = preSolution
		HideSolutionNode = FALSE
	EndGlobalSection
	GlobalSection(ExtensibilityGlobals) = postSolution
		SolutionGuid = {FF55BC5D-0E0F-4BFE-9D3F-1976CFD2B026}
	EndGlobalSection
EndGlobal
